// !$*UTF8*$!
{
	archiveVersion = 1;
	classes = {
	};
	objectVersion = 48;
	objects = {

/* Begin PBXBuildFile section */
		095E581422EDECEE00C66429 /* AppDelegate.m in Sources */ = {isa = PBXBuildFile; fileRef = 095E581322EDECEE00C66429 /* AppDelegate.m */; };
		095E581722EDECEE00C66429 /* ViewController.m in Sources */ = {isa = PBXBuildFile; fileRef = 095E581622EDECEE00C66429 /* ViewController.m */; };
		095E581A22EDECEE00C66429 /* Main.storyboard in Resources */ = {isa = PBXBuildFile; fileRef = 095E581822EDECEE00C66429 /* Main.storyboard */; };
		095E581C22EDECEE00C66429 /* Assets.xcassets in Resources */ = {isa = PBXBuildFile; fileRef = 095E581B22EDECEE00C66429 /* Assets.xcassets */; };
		095E581F22EDECEE00C66429 /* LaunchScreen.storyboard in Resources */ = {isa = PBXBuildFile; fileRef = 095E581D22EDECEE00C66429 /* LaunchScreen.storyboard */; };
		095E582222EDECEE00C66429 /* main.m in Sources */ = {isa = PBXBuildFile; fileRef = 095E582122EDECEE00C66429 /* main.m */; };
/* End PBXBuildFile section */

/* Begin PBXFileReference section */
		095E580F22EDECEE00C66429 /* UIWindow.app */ = {isa = PBXFileReference; explicitFileType = wrapper.application; includeInIndex = 0; path = UIWindow.app; sourceTree = BUILT_PRODUCTS_DIR; };
		095E581222EDECEE00C66429 /* AppDelegate.h */ = {isa = PBXFileReference; lastKnownFileType = sourcecode.c.h; path = AppDelegate.h; sourceTree = "<group>"; };
		095E581322EDECEE00C66429 /* AppDelegate.m */ = {isa = PBXFileReference; lastKnownFileType = sourcecode.c.objc; path = AppDelegate.m; sourceTree = "<group>"; };
		095E581522EDECEE00C66429 /* ViewController.h */ = {isa = PBXFileReference; lastKnownFileType = sourcecode.c.h; path = ViewController.h; sourceTree = "<group>"; };
		095E581622EDECEE00C66429 /* ViewController.m */ = {isa = PBXFileReference; lastKnownFileType = sourcecode.c.objc; path = ViewController.m; sourceTree = "<group>"; };
		095E581922EDECEE00C66429 /* Base */ = {isa = PBXFileReference; lastKnownFileType = file.storyboard; name = Base; path = Base.lproj/Main.storyboard; sourceTree = "<group>"; };
		095E581B22EDECEE00C66429 /* Assets.xcassets */ = {isa = PBXFileReference; lastKnownFileType = folder.assetcatalog; path = Assets.xcassets; sourceTree = "<group>"; };
		095E581E22EDECEE00C66429 /* Base */ = {isa = PBXFileReference; lastKnownFileType = file.storyboard; name = Base; path = Base.lproj/LaunchScreen.storyboard; sourceTree = "<group>"; };
		095E582022EDECEE00C66429 /* Info.plist */ = {isa = PBXFileReference; lastKnownFileType = text.plist.xml; path = Info.plist; sourceTree = "<group>"; };
		095E582122EDECEE00C66429 /* main.m */ = {isa = PBXFileReference; lastKnownFileType = sourcecode.c.objc; path = main.m; sourceTree = "<group>"; };
/* End PBXFileReference section */

/* Begin PBXFrameworksBuildPhase section */
		095E580C22EDECEE00C66429 /* Frameworks */ = {
			isa = PBXFrameworksBuildPhase;
			buildActionMask = 2147483647;
			files = (
			);
			runOnlyForDeploymentPostprocessing = 0;
		};
/* End PBXFrameworksBuildPhase section */

/* Begin PBXGroup section */
		095E580622EDECEE00C66429 = {
			isa = PBXGroup;
			children = (
				095E581122EDECEE00C66429 /* UIWindow */,
				095E581022EDECEE00C66429 /* Products */,
			);
			sourceTree = "<group>";
		};
		095E581022EDECEE00C66429 /* Products */ = {
			isa = PBXGroup;
			children = (
				095E580F22EDECEE00C66429 /* UIWindow.app */,
			);
			name = Products;
			sourceTree = "<group>";
		};
		095E581122EDECEE00C66429 /* UIWindow */ = {
			isa = PBXGroup;
			children = (
				095E581222EDECEE00C66429 /* AppDelegate.h */,
				095E581322EDECEE00C66429 /* AppDelegate.m */,
				095E581522EDECEE00C66429 /* ViewController.h */,
				095E581622EDECEE00C66429 /* ViewController.m */,
				095E581822EDECEE00C66429 /* Main.storyboard */,
				095E581B22EDECEE00C66429 /* Assets.xcassets */,
				095E581D22EDECEE00C66429 /* LaunchScreen.storyboard */,
				095E582022EDECEE00C66429 /* Info.plist */,
				095E582122EDECEE00C66429 /* main.m */,
			);
			path = UIWindow;
			sourceTree = "<group>";
		};
/* End PBXGroup section */

/* Begin PBXNativeTarget section */
		095E580E22EDECEE00C66429 /* UIWindow */ = {
			isa = PBXNativeTarget;
			buildConfigurationList = 095E582522EDECEE00C66429 /* Build configuration list for PBXNativeTarget "UIWindow" */;
			buildPhases = (
				095E580B22EDECEE00C66429 /* Sources */,
				095E580C22EDECEE00C66429 /* Frameworks */,
				095E580D22EDECEE00C66429 /* Resources */,
			);
			buildRules = (
			);
			dependencies = (
			);
			name = UIWindow;
			productName = UIWindow;
			productReference = 095E580F22EDECEE00C66429 /* UIWindow.app */;
			productType = "com.apple.product-type.application";
		};
/* End PBXNativeTarget section */

/* Begin PBXProject section */
		095E580722EDECEE00C66429 /* Project object */ = {
			isa = PBXProject;
			attributes = {
				LastUpgradeCheck = 0900;
				ORGANIZATIONNAME = dxl;
				TargetAttributes = {
					095E580E22EDECEE00C66429 = {
						CreatedOnToolsVersion = 9.0;
						ProvisioningStyle = Automatic;
					};
				};
			};
			buildConfigurationList = 095E580A22EDECEE00C66429 /* Build configuration list for PBXProject "UIWindow" */;
			compatibilityVersion = "Xcode 8.0";
			developmentRegion = en;
			hasScannedForEncodings = 0;
			knownRegions = (
				en,
				Base,
			);
			mainGroup = 095E580622EDECEE00C66429;
			productRefGroup = 095E581022EDECEE00C66429 /* Products */;
			projectDirPath = "";
			projectRoot = "";
			targets = (
				095E580E22EDECEE00C66429 /* UIWindow */,
			);
		};
/* End PBXProject section */

/* Begin PBXResourcesBuildPhase section */
		095E580D22EDECEE00C66429 /* Resources */ = {
			isa = PBXResourcesBuildPhase;
			buildActionMask = 2147483647;
			files = (
				095E581F22EDECEE00C66429 /* LaunchScreen.storyboard in Resources */,
				095E581C22EDECEE00C66429 /* Assets.xcassets in Resources */,
				095E581A22EDECEE00C66429 /* Main.storyboard in Resources */,
			);
			runOnlyForDeploymentPostprocessing = 0;
		};
/* End PBXResourcesBuildPhase section */

/* Begin PBXSourcesBuildPhase section */
		095E580B22EDECEE00C66429 /* Sources */ = {
			isa = PBXSourcesBuildPhase;
			buildActionMask = 2147483647;
			files = (
				095E581722EDECEE00C66429 /* ViewController.m in Sources */,
				095E582222EDECEE00C66429 /* main.m in Sources */,
				095E581422EDECEE00C66429 /* AppDelegate.m in Sources */,
			);
			runOnlyForDeploymentPostprocessing = 0;
		};
/* End PBXSourcesBuildPhase section */

/* Begin PBXVariantGroup section */
		095E581822EDECEE00C66429 /* Main.storyboard */ = {
			isa = PBXVariantGroup;
			children = (
				095E581922EDECEE00C66429 /* Base */,
			);
			name = Main.storyboard;
			sourceTree = "<group>";
		};
		095E581D22EDECEE00C66429 /* LaunchScreen.storyboard */ = {
			isa = PBXVariantGroup;
			children = (
				095E581E22EDECEE00C66429 /* Base */,
			);
			name = LaunchScreen.storyboard;
			sourceTree = "<group>";
		};
/* End PBXVariantGroup section */

/* Begin XCBuildConfiguration section */
		095E582322EDECEE00C66429 /* Debug */ = {
			isa = XCBuildConfiguration;
			buildSettings = {
				ALWAYS_SEARCH_USER_PATHS = NO;
				CLANG_ANALYZER_NONNULL = YES;
				CLANG_ANALYZER_NUMBER_OBJECT_CONVERSION = YES_AGGRESSIVE;
				CLANG_CXX_LANGUAGE_STANDARD = "gnu++14";
				CLANG_CXX_LIBRARY = "libc++";
				CLANG_ENABLE_MODULES = YES;
				CLANG_ENABLE_OBJC_ARC = YES;
				CLANG_WARN_BLOCK_CAPTURE_AUTORELEASING = YES;
				CLANG_WARN_BOOL_CONVERSION = YES;
				CLANG_WARN_COMMA = YES;
				CLANG_WARN_CONSTANT_CONVERSION = YES;
				CLANG_WARN_DIRECT_OBJC_ISA_USAGE = YES_ERROR;
				CLANG_WARN_DOCUMENTATION_COMMENTS = YES;
				CLANG_WARN_EMPTY_BODY = YES;
				CLANG_WARN_ENUM_CONVERSION = YES;
				CLANG_WARN_INFINITE_RECURSION = YES;
				CLANG_WARN_INT_CONVERSION = YES;
				CLANG_WARN_NON_LITERAL_NULL_CONVERSION = YES;
				CLANG_WARN_OBJC_LITERAL_CONVERSION = YES;
				CLANG_WARN_OBJC_ROOT_CLASS = YES_ERROR;
				CLANG_WARN_RANGE_LOOP_ANALYSIS = YES;
				CLANG_WARN_STRICT_PROTOTYPES = YES;
				CLANG_WARN_SUSPICIOUS_MOVE = YES;
				CLANG_WARN_UNGUARDED_AVAILABILITY = YES_AGGRESSIVE;
				CLANG_WARN_UNREACHABLE_CODE = YES;
				CLANG_WARN__DUPLICATE_METHOD_MATCH = YES;
				CODE_SIGN_IDENTITY = "iPhone Developer";
				COPY_PHASE_STRIP = NO;
				DEBUG_INFORMATION_FORMAT = dwarf;
				ENABLE_STRICT_OBJC_MSGSEND = YES;
				ENABLE_TESTABILITY = YES;
				GCC_C_LANGUAGE_STANDARD = gnu11;
				GCC_DYNAMIC_NO_PIC = NO;
				GCC_NO_COMMON_BLOCKS = YES;
				GCC_OPTIMIZATION_LEVEL = 0;
				GCC_PREPROCESSOR_DEFINITIONS = (
					"DEBUG=1",
					"$(inherited)",
				);
				GCC_WARN_64_TO_32_BIT_CONVERSION = YES;
				GCC_WARN_ABOUT_RETURN_TYPE = YES_ERROR;
				GCC_WARN_UNDECLARED_SELECTOR = YES;
				GCC_WARN_UNINITIALIZED_AUTOS = YES_AGGRESSIVE;
				GCC_WARN_UNUSED_FUNCTION = YES;
				GCC_WARN_UNUSED_VARIABLE = YES;
				IPHONEOS_DEPLOYMENT_TARGET = 11.0;
				MTL_ENABLE_DEBUG_INFO = YES;
				ONLY_ACTIVE_ARCH = YES;
				SDKROOT = iphoneos;
			};
			name = Debug;
		};
		095E582422EDECEE00C66429 /* Release */ = {
			isa = XCBuildConfiguration;
			buildSettings = {
				ALWAYS_SEARCH_USER_PATHS = NO;
				CLANG_ANALYZER_NONNULL = YES;
				CLANG_ANALYZER_NUMBER_OBJECT_CONVERSION = YES_AGGRESSIVE;
				CLANG_CXX_LANGUAGE_STANDARD = "gnu++14";
				CLANG_CXX_LIBRARY = "libc++";
				CLANG_ENABLE_MODULES = YES;
				CLANG_ENABLE_OBJC_ARC = YES;
				CLANG_WARN_BLOCK_CAPTURE_AUTORELEASING = YES;
				CLANG_WARN_BOOL_CONVERSION = YES;
				CLANG_WARN_COMMA = YES;
				CLANG_WARN_CONSTANT_CONVERSION = YES;
				CLANG_WARN_DIRECT_OBJC_ISA_USAGE = YES_ERROR;
				CLANG_WARN_DOCUMENTATION_COMMENTS = YES;
				CLANG_WARN_EMPTY_BODY = YES;
				CLANG_WARN_ENUM_CONVERSION = YES;
				CLANG_WARN_INFINITE_RECURSION = YES;
				CLANG_WARN_INT_CONVERSION = YES;
				CLANG_WARN_NON_LITERAL_NULL_CONVERSION = YES;
				CLANG_WARN_OBJC_LITERAL_CONVERSION = YES;
				CLANG_WARN_OBJC_ROOT_CLASS = YES_ERROR;
				CLANG_WARN_RANGE_LOOP_ANALYSIS = YES;
				CLANG_WARN_STRICT_PROTOTYPES = YES;
				CLANG_WARN_SUSPICIOUS_MOVE = YES;
				CLANG_WARN_UNGUARDED_AVAILABILITY = YES_AGGRESSIVE;
				CLANG_WARN_UNREACHABLE_CODE = YES;
				CLANG_WARN__DUPLICATE_METHOD_MATCH = YES;
				CODE_SIGN_IDENTITY = "iPhone Developer";
				COPY_PHASE_STRIP = NO;
				DEBUG_INFORMATION_FORMAT = "dwarf-with-dsym";
				ENABLE_NS_ASSERTIONS = NO;
				ENABLE_STRICT_OBJC_MSGSEND = YES;
				GCC_C_LANGUAGE_STANDARD = gnu11;
				GCC_NO_COMMON_BLOCKS = YES;
				GCC_WARN_64_TO_32_BIT_CONVERSION = YES;
				GCC_WARN_ABOUT_RETURN_TYPE = YES_ERROR;
				GCC_WARN_UNDECLARED_SELECTOR = YES;
				GCC_WARN_UNINITIALIZED_AUTOS = YES_AGGRESSIVE;
				GCC_WARN_UNUSED_FUNCTION = YES;
				GCC_WARN_UNUSED_VARIABLE = YES;
				IPHONEOS_DEPLOYMENT_TARGET = 11.0;
				MTL_ENABLE_DEBUG_INFO = NO;
				SDKROOT = iphoneos;
				VALIDATE_PRODUCT = YES;
			};
			name = Release;
		};
		095E582622EDECEE00C66429 /* Debug */ = {
			isa = XCBuildConfiguration;
			buildSettings = {
				ASSETCATALOG_COMPILER_APPICON_NAME = AppIcon;
				CODE_SIGN_STYLE = Automatic;
				DEVELOPMENT_TEAM = 3JU5T58CC9;
				INFOPLIST_FILE = UIWindow/Info.plist;
				LD_RUNPATH_SEARCH_PATHS = "$(inherited) @executable_path/Frameworks";
				PRODUCT_BUNDLE_IDENTIFIER = Study.UIWindow;
				PRODUCT_NAME = "$(TARGET_NAME)";
				TARGETED_DEVICE_FAMILY = "1,2";
			};
			name = Debug;
		};
		095E582722EDECEE00C66429 /* Release */ = {
			isa = XCBuildConfiguration;
			buildSettings = {
				ASSETCATALOG_COMPILER_APPICON_NAME = AppIcon;
				CODE_SIGN_STYLE = Automatic;
				DEVELOPMENT_TEAM = 3JU5T58CC9;
				INFOPLIST_FILE = UIWindow/Info.plist;
				LD_RUNPATH_SEARCH_PATHS = "$(inherited) @executable_path/Frameworks";
				PRODUCT_BUNDLE_IDENTIFIER = Study.UIWindow;
				PRODUCT_NAME = "$(TARGET_NAME)";
				TARGETED_DEVICE_FAMILY = "1,2";
			};
			name = Release;
		};
/* End XCBuildConfiguration section */

/* Begin XCConfigurationList section */
		095E580A22EDECEE00C66429 /* Build configuration list for PBXProject "UIWindow" */ = {
			isa = XCConfigurationList;
			buildConfigurations = (
				095E582322EDECEE00C66429 /* Debug */,
				095E582422EDECEE00C66429 /* Release */,
			);
			defaultConfigurationIsVisible = 0;
			defaultConfigurationName = Release;
		};
		095E582522EDECEE00C66429 /* Build configuration list for PBXNativeTarget "UIWindow" */ = {
			isa = XCConfigurationList;
			buildConfigurations = (
				095E582622EDECEE00C66429 /* Debug */,
				095E582722EDECEE00C66429 /* Release */,
			);
			defaultConfigurationIsVisible = 0;
			defaultConfigurationName = Release;
		};
/* End XCConfigurationList section */
	};
	rootObject = 095E580722EDECEE00C66429 /* Project object */;
}
